
Microsoft Visual Studio Solution File, Format Version 12.00
# Visual Studio Version 16
VisualStudioVersion = 16.0.30517.126
MinimumVisualStudioVersion = 10.0.40219.1
Project("{9A19103F-16F7-4668-BE54-9A1E7A4F7556}") = "WebApplication", "WebApplication\WebApplication\WebApplication.csproj", "{5B0B04FC-AEAA-4CDD-8AC9-911872E7FADB}"
EndProject
Project("{9A19103F-16F7-4668-BE54-9A1E7A4F7556}") = "WebApplication.Tests", "WebApplication\WebApplication.Tests\WebApplication.Tests.csproj", "{C2C66E0D-8B24-49AB-B621-ADA6329289BB}"
EndProject
Project("{9A19103F-16F7-4668-BE54-9A1E7A4F7556}") = "FunctionApp", "FunctionApp\FunctionApp.csproj", "{25A6BCCB-FEB0-4C97-AE7D-AC333EE27E3A}"
EndProject
Project("{00D1A9C2-B5F0-4AF3-8072-F6C62B433612}") = "ADSGoFast", "Database\ADSGoFastDatabase\ADSGoFast\ADSGoFast.sqlproj", "{0B746030-51B3-4202-A870-025681B613BF}"
EndProject
Project("{00D1A9C2-B5F0-4AF3-8072-F6C62B433612}") = "MetadataDB", "Database\ADSGoFastDatabase\MetadataDB\MetadataDB.sqlproj", "{8B7C0038-3709-4B9C-9849-F406DE71BFED}"
EndProject
Project("{2150E333-8FDC-42A3-9474-1A3956D46DE8}") = "Database", "Database", "{0A86C96E-8CA8-4B5C-9122-1EF6B11AFACE}"
EndProject
Project("{2150E333-8FDC-42A3-9474-1A3956D46DE8}") = "Build", "Build", "{15490FB1-E3AC-48E3-8D34-EB52DD94350C}"
	ProjectSection(SolutionItems) = preProject
		..\build\azure-pipelines-build.yml = ..\build\azure-pipelines-build.yml
	EndProjectSection
EndProject
Project("{FAE04EC0-301F-11D3-BF4B-00C04F79EFBC}") = "WebApplication.DataAccess", "WebApplication\WebApplication.DataAccess\WebApplication.DataAccess.csproj", "{B772907A-1E3F-4B15-BAC4-0833F32FBDB4}"
EndProject
Global
	GlobalSection(SolutionConfigurationPlatforms) = preSolution
		Debug|Any CPU = Debug|Any CPU
		Release|Any CPU = Release|Any CPU
	EndGlobalSection
	GlobalSection(ProjectConfigurationPlatforms) = postSolution
		{5B0B04FC-AEAA-4CDD-8AC9-911872E7FADB}.Debug|Any CPU.ActiveCfg = Debug|Any CPU
		{5B0B04FC-AEAA-4CDD-8AC9-911872E7FADB}.Debug|Any CPU.Build.0 = Debug|Any CPU
		{5B0B04FC-AEAA-4CDD-8AC9-911872E7FADB}.Release|Any CPU.ActiveCfg = Release|Any CPU
		{5B0B04FC-AEAA-4CDD-8AC9-911872E7FADB}.Release|Any CPU.Build.0 = Release|Any CPU
		{C2C66E0D-8B24-49AB-B621-ADA6329289BB}.Debug|Any CPU.ActiveCfg = Debug|Any CPU
		{C2C66E0D-8B24-49AB-B621-ADA6329289BB}.Debug|Any CPU.Build.0 = Debug|Any CPU
		{C2C66E0D-8B24-49AB-B621-ADA6329289BB}.Release|Any CPU.ActiveCfg = Release|Any CPU
		{C2C66E0D-8B24-49AB-B621-ADA6329289BB}.Release|Any CPU.Build.0 = Release|Any CPU
		{25A6BCCB-FEB0-4C97-AE7D-AC333EE27E3A}.Debug|Any CPU.ActiveCfg = Debug|Any CPU
		{25A6BCCB-FEB0-4C97-AE7D-AC333EE27E3A}.Debug|Any CPU.Build.0 = Debug|Any CPU
		{25A6BCCB-FEB0-4C97-AE7D-AC333EE27E3A}.Release|Any CPU.ActiveCfg = Release|Any CPU
		{25A6BCCB-FEB0-4C97-AE7D-AC333EE27E3A}.Release|Any CPU.Build.0 = Release|Any CPU
		{0B746030-51B3-4202-A870-025681B613BF}.Debug|Any CPU.ActiveCfg = Debug|Any CPU
		{0B746030-51B3-4202-A870-025681B613BF}.Debug|Any CPU.Build.0 = Debug|Any CPU
		{0B746030-51B3-4202-A870-025681B613BF}.Debug|Any CPU.Deploy.0 = Debug|Any CPU
		{0B746030-51B3-4202-A870-025681B613BF}.Release|Any CPU.ActiveCfg = Release|Any CPU
		{0B746030-51B3-4202-A870-025681B613BF}.Release|Any CPU.Build.0 = Release|Any CPU
		{0B746030-51B3-4202-A870-025681B613BF}.Release|Any CPU.Deploy.0 = Release|Any CPU
		{8B7C0038-3709-4B9C-9849-F406DE71BFED}.Debug|Any CPU.ActiveCfg = Debug|Any CPU
		{8B7C0038-3709-4B9C-9849-F406DE71BFED}.Debug|Any CPU.Build.0 = Debug|Any CPU
		{8B7C0038-3709-4B9C-9849-F406DE71BFED}.Debug|Any CPU.Deploy.0 = Debug|Any CPU
		{8B7C0038-3709-4B9C-9849-F406DE71BFED}.Release|Any CPU.ActiveCfg = Release|Any CPU
		{8B7C0038-3709-4B9C-9849-F406DE71BFED}.Release|Any CPU.Build.0 = Release|Any CPU
		{8B7C0038-3709-4B9C-9849-F406DE71BFED}.Release|Any CPU.Deploy.0 = Release|Any CPU
		{B772907A-1E3F-4B15-BAC4-0833F32FBDB4}.Debug|Any CPU.ActiveCfg = Debug|Any CPU
		{B772907A-1E3F-4B15-BAC4-0833F32FBDB4}.Debug|Any CPU.Build.0 = Debug|Any CPU
		{B772907A-1E3F-4B15-BAC4-0833F32FBDB4}.Release|Any CPU.ActiveCfg = Release|Any CPU
		{B772907A-1E3F-4B15-BAC4-0833F32FBDB4}.Release|Any CPU.Build.0 = Release|Any CPU
	EndGlobalSection
	GlobalSection(SolutionProperties) = preSolution
		HideSolutionNode = FALSE
	EndGlobalSection
	GlobalSection(NestedProjects) = preSolution
		{0B746030-51B3-4202-A870-025681B613BF} = {0A86C96E-8CA8-4B5C-9122-1EF6B11AFACE}
		{8B7C0038-3709-4B9C-9849-F406DE71BFED} = {0A86C96E-8CA8-4B5C-9122-1EF6B11AFACE}
	EndGlobalSection
	GlobalSection(ExtensibilityGlobals) = postSolution
		SolutionGuid = {7680EAD2-F393-4E54-A382-09AFA04195CB}
	EndGlobalSection
EndGlobal
