
Microsoft Visual Studio Solution File, Format Version 12.00
# Visual Studio Version 16
VisualStudioVersion = 16.0.30114.105
MinimumVisualStudioVersion = 10.0.40219.1
Project("{00D1A9C2-B5F0-4AF3-8072-F6C62B433612}") = "ADSGoFast", "ADSGoFast\ADSGoFast.sqlproj", "{0B746030-51B3-4202-A870-025681B613BF}"
EndProject
Global
	GlobalSection(SolutionConfigurationPlatforms) = preSolution
		Debug|Any CPU = Debug|Any CPU
		Release|Any CPU = Release|Any CPU
	EndGlobalSection
	GlobalSection(ProjectConfigurationPlatforms) = postSolution
		{0B746030-51B3-4202-A870-025681B613BF}.Debug|Any CPU.ActiveCfg = Debug|Any CPU
		{0B746030-51B3-4202-A870-025681B613BF}.Debug|Any CPU.Build.0 = Debug|Any CPU
		{0B746030-51B3-4202-A870-025681B613BF}.Debug|Any CPU.Deploy.0 = Debug|Any CPU
		{0B746030-51B3-4202-A870-025681B613BF}.Release|Any CPU.ActiveCfg = Release|Any CPU
		{0B746030-51B3-4202-A870-025681B613BF}.Release|Any CPU.Build.0 = Release|Any CPU
		{0B746030-51B3-4202-A870-025681B613BF}.Release|Any CPU.Deploy.0 = Release|Any CPU
	EndGlobalSection
	GlobalSection(SolutionProperties) = preSolution
		HideSolutionNode = FALSE
	EndGlobalSection
	GlobalSection(ExtensibilityGlobals) = postSolution
		SolutionGuid = {7E5CBFDB-EAEE-412D-85EC-AE70E4DFBC95}
	EndGlobalSection
EndGlobal
