
Microsoft Visual Studio Solution File, Format Version 12.00
# Visual Studio Version 16
VisualStudioVersion = 16.0.30804.86
MinimumVisualStudioVersion = 10.0.40219.1
Project("{FAE04EC0-301F-11D3-BF4B-00C04F79EFBC}") = "AdsGoFastDbUp", "AdsGoFastDbUp.csproj", "{A17CE1B9-EC52-4231-9E65-A4DC17C8EBC0}"
EndProject
Global
	GlobalSection(SolutionConfigurationPlatforms) = preSolution
		Debug|Any CPU = Debug|Any CPU
		Release|Any CPU = Release|Any CPU
	EndGlobalSection
	GlobalSection(ProjectConfigurationPlatforms) = postSolution
		{A17CE1B9-EC52-4231-9E65-A4DC17C8EBC0}.Debug|Any CPU.ActiveCfg = Debug|Any CPU
		{A17CE1B9-EC52-4231-9E65-A4DC17C8EBC0}.Debug|Any CPU.Build.0 = Debug|Any CPU
		{A17CE1B9-EC52-4231-9E65-A4DC17C8EBC0}.Release|Any CPU.ActiveCfg = Release|Any CPU
		{A17CE1B9-EC52-4231-9E65-A4DC17C8EBC0}.Release|Any CPU.Build.0 = Release|Any CPU
	EndGlobalSection
	GlobalSection(SolutionProperties) = preSolution
		HideSolutionNode = FALSE
	EndGlobalSection
	GlobalSection(ExtensibilityGlobals) = postSolution
		SolutionGuid = {EF86F20E-4582-4B6E-B509-C742028792BC}
	EndGlobalSection
EndGlobal
