
Microsoft Visual Studio Solution File, Format Version 12.00
# Visual Studio Version 16
VisualStudioVersion = 16.0.30517.126
MinimumVisualStudioVersion = 10.0.40219.1
Project("{9A19103F-16F7-4668-BE54-9A1E7A4F7556}") = "WebApplication", "WebApplication\WebApplication.csproj", "{5B0B04FC-AEAA-4CDD-8AC9-911872E7FADB}"
EndProject
Project("{FAE04EC0-301F-11D3-BF4B-00C04F79EFBC}") = "WebApplication.Tests", "WebApplication.Tests\WebApplication.Tests.csproj", "{C2C66E0D-8B24-49AB-B621-ADA6329289BB}"
EndProject
Global
	GlobalSection(SolutionConfigurationPlatforms) = preSolution
		Debug|Any CPU = Debug|Any CPU
		Release|Any CPU = Release|Any CPU
	EndGlobalSection
	GlobalSection(ProjectConfigurationPlatforms) = postSolution
		{5B0B04FC-AEAA-4CDD-8AC9-911872E7FADB}.Debug|Any CPU.ActiveCfg = Debug|Any CPU
		{5B0B04FC-AEAA-4CDD-8AC9-911872E7FADB}.Debug|Any CPU.Build.0 = Debug|Any CPU
		{5B0B04FC-AEAA-4CDD-8AC9-911872E7FADB}.Release|Any CPU.ActiveCfg = Release|Any CPU
		{5B0B04FC-AEAA-4CDD-8AC9-911872E7FADB}.Release|Any CPU.Build.0 = Release|Any CPU
		{C2C66E0D-8B24-49AB-B621-ADA6329289BB}.Debug|Any CPU.ActiveCfg = Debug|Any CPU
		{C2C66E0D-8B24-49AB-B621-ADA6329289BB}.Debug|Any CPU.Build.0 = Debug|Any CPU
		{C2C66E0D-8B24-49AB-B621-ADA6329289BB}.Release|Any CPU.ActiveCfg = Release|Any CPU
		{C2C66E0D-8B24-49AB-B621-ADA6329289BB}.Release|Any CPU.Build.0 = Release|Any CPU
	EndGlobalSection
	GlobalSection(SolutionProperties) = preSolution
		HideSolutionNode = FALSE
	EndGlobalSection
	GlobalSection(ExtensibilityGlobals) = postSolution
		SolutionGuid = {7680EAD2-F393-4E54-A382-09AFA04195CB}
	EndGlobalSection
EndGlobal
